// !$*UTF8*$!
{
	archiveVersion = 1;
	classes = {
	};
	objectVersion = 56;
	objects = {

/* Begin PBXBuildFile section */
		F280ABB829587113009CC3FB /* AppDelegate.m in Sources */ = {isa = PBXBuildFile; fileRef = F280ABB729587113009CC3FB /* AppDelegate.m */; };
		F280ABBB29587113009CC3FB /* SceneDelegate.m in Sources */ = {isa = PBXBuildFile; fileRef = F280ABBA29587113009CC3FB /* SceneDelegate.m */; };
		F280ABBE29587113009CC3FB /* ViewController.m in Sources */ = {isa = PBXBuildFile; fileRef = F280ABBD29587113009CC3FB /* ViewController.m */; };
		F280ABC129587113009CC3FB /* Main.storyboard in Resources */ = {isa = PBXBuildFile; fileRef = F280ABBF29587113009CC3FB /* Main.storyboard */; };
		F280ABC329587114009CC3FB /* Assets.xcassets in Resources */ = {isa = PBXBuildFile; fileRef = F280ABC229587114009CC3FB /* Assets.xcassets */; };
		F280ABC629587114009CC3FB /* LaunchScreen.storyboard in Resources */ = {isa = PBXBuildFile; fileRef = F280ABC429587114009CC3FB /* LaunchScreen.storyboard */; };
		F280ABC929587114009CC3FB /* main.m in Sources */ = {isa = PBXBuildFile; fileRef = F280ABC829587114009CC3FB /* main.m */; };
		F280ABD329587114009CC3FB /* metalObjcPlayTests.m in Sources */ = {isa = PBXBuildFile; fileRef = F280ABD229587114009CC3FB /* metalObjcPlayTests.m */; };
		F280ABDD29587114009CC3FB /* metalObjcPlayUITests.m in Sources */ = {isa = PBXBuildFile; fileRef = F280ABDC29587114009CC3FB /* metalObjcPlayUITests.m */; };
		F280ABDF29587114009CC3FB /* metalObjcPlayUITestsLaunchTests.m in Sources */ = {isa = PBXBuildFile; fileRef = F280ABDE29587114009CC3FB /* metalObjcPlayUITestsLaunchTests.m */; };
		F280ABED295877AF009CC3FB /* Renderer.mm in Sources */ = {isa = PBXBuildFile; fileRef = F280ABEC295877AF009CC3FB /* Renderer.mm */; };
		F280ABEF2958A501009CC3FB /* shaders.metal in Sources */ = {isa = PBXBuildFile; fileRef = F280ABEE2958A501009CC3FB /* shaders.metal */; };
		F280ABF22958C636009CC3FB /* textureExample.png in Resources */ = {isa = PBXBuildFile; fileRef = F280ABF12958C636009CC3FB /* textureExample.png */; };
		F280ABF92958E2BC009CC3FB /* AAPLTransforms.mm in Sources */ = {isa = PBXBuildFile; fileRef = F280ABF82958E2BC009CC3FB /* AAPLTransforms.mm */; };
/* End PBXBuildFile section */

/* Begin PBXContainerItemProxy section */
		F280ABCF29587114009CC3FB /* PBXContainerItemProxy */ = {
			isa = PBXContainerItemProxy;
			containerPortal = F280ABAB29587113009CC3FB /* Project object */;
			proxyType = 1;
			remoteGlobalIDString = F280ABB229587113009CC3FB;
			remoteInfo = metalObjcPlay;
		};
		F280ABD929587114009CC3FB /* PBXContainerItemProxy */ = {
			isa = PBXContainerItemProxy;
			containerPortal = F280ABAB29587113009CC3FB /* Project object */;
			proxyType = 1;
			remoteGlobalIDString = F280ABB229587113009CC3FB;
			remoteInfo = metalObjcPlay;
		};
/* End PBXContainerItemProxy section */

/* Begin PBXFileReference section */
		F280ABB329587113009CC3FB /* metalObjcPlay.app */ = {isa = PBXFileReference; explicitFileType = wrapper.application; includeInIndex = 0; path = metalObjcPlay.app; sourceTree = BUILT_PRODUCTS_DIR; };
		F280ABB629587113009CC3FB /* AppDelegate.h */ = {isa = PBXFileReference; lastKnownFileType = sourcecode.c.h; path = AppDelegate.h; sourceTree = "<group>"; };
		F280ABB729587113009CC3FB /* AppDelegate.m */ = {isa = PBXFileReference; lastKnownFileType = sourcecode.c.objc; path = AppDelegate.m; sourceTree = "<group>"; };
		F280ABB929587113009CC3FB /* SceneDelegate.h */ = {isa = PBXFileReference; lastKnownFileType = sourcecode.c.h; path = SceneDelegate.h; sourceTree = "<group>"; };
		F280ABBA29587113009CC3FB /* SceneDelegate.m */ = {isa = PBXFileReference; lastKnownFileType = sourcecode.c.objc; path = SceneDelegate.m; sourceTree = "<group>"; };
		F280ABBC29587113009CC3FB /* ViewController.h */ = {isa = PBXFileReference; lastKnownFileType = sourcecode.c.h; path = ViewController.h; sourceTree = "<group>"; };
		F280ABBD29587113009CC3FB /* ViewController.m */ = {isa = PBXFileReference; lastKnownFileType = sourcecode.c.objc; path = ViewController.m; sourceTree = "<group>"; };
		F280ABC029587113009CC3FB /* Base */ = {isa = PBXFileReference; lastKnownFileType = file.storyboard; name = Base; path = Base.lproj/Main.storyboard; sourceTree = "<group>"; };
		F280ABC229587114009CC3FB /* Assets.xcassets */ = {isa = PBXFileReference; lastKnownFileType = folder.assetcatalog; path = Assets.xcassets; sourceTree = "<group>"; };
		F280ABC529587114009CC3FB /* Base */ = {isa = PBXFileReference; lastKnownFileType = file.storyboard; name = Base; path = Base.lproj/LaunchScreen.storyboard; sourceTree = "<group>"; };
		F280ABC729587114009CC3FB /* Info.plist */ = {isa = PBXFileReference; lastKnownFileType = text.plist.xml; path = Info.plist; sourceTree = "<group>"; };
		F280ABC829587114009CC3FB /* main.m */ = {isa = PBXFileReference; lastKnownFileType = sourcecode.c.objc; path = main.m; sourceTree = "<group>"; };
		F280ABCE29587114009CC3FB /* metalObjcPlayTests.xctest */ = {isa = PBXFileReference; explicitFileType = wrapper.cfbundle; includeInIndex = 0; path = metalObjcPlayTests.xctest; sourceTree = BUILT_PRODUCTS_DIR; };
		F280ABD229587114009CC3FB /* metalObjcPlayTests.m */ = {isa = PBXFileReference; lastKnownFileType = sourcecode.c.objc; path = metalObjcPlayTests.m; sourceTree = "<group>"; };
		F280ABD829587114009CC3FB /* metalObjcPlayUITests.xctest */ = {isa = PBXFileReference; explicitFileType = wrapper.cfbundle; includeInIndex = 0; path = metalObjcPlayUITests.xctest; sourceTree = BUILT_PRODUCTS_DIR; };
		F280ABDC29587114009CC3FB /* metalObjcPlayUITests.m */ = {isa = PBXFileReference; lastKnownFileType = sourcecode.c.objc; path = metalObjcPlayUITests.m; sourceTree = "<group>"; };
		F280ABDE29587114009CC3FB /* metalObjcPlayUITestsLaunchTests.m */ = {isa = PBXFileReference; lastKnownFileType = sourcecode.c.objc; path = metalObjcPlayUITestsLaunchTests.m; sourceTree = "<group>"; };
		F280ABEB295877AF009CC3FB /* Renderer.h */ = {isa = PBXFileReference; lastKnownFileType = sourcecode.c.h; path = Renderer.h; sourceTree = "<group>"; };
		F280ABEC295877AF009CC3FB /* Renderer.mm */ = {isa = PBXFileReference; lastKnownFileType = sourcecode.cpp.objcpp; path = Renderer.mm; sourceTree = "<group>"; };
		F280ABEE2958A501009CC3FB /* shaders.metal */ = {isa = PBXFileReference; lastKnownFileType = sourcecode.metal; path = shaders.metal; sourceTree = "<group>"; };
		F280ABF02958A5A6009CC3FB /* AAPLShaderTypes.h */ = {isa = PBXFileReference; fileEncoding = 4; lastKnownFileType = sourcecode.c.h; path = AAPLShaderTypes.h; sourceTree = "<group>"; };
		F280ABF12958C636009CC3FB /* textureExample.png */ = {isa = PBXFileReference; lastKnownFileType = image.png; path = textureExample.png; sourceTree = "<group>"; };
		F280ABF72958E2BC009CC3FB /* AAPLTransforms.h */ = {isa = PBXFileReference; fileEncoding = 4; lastKnownFileType = sourcecode.c.h; path = AAPLTransforms.h; sourceTree = "<group>"; };
		F280ABF82958E2BC009CC3FB /* AAPLTransforms.mm */ = {isa = PBXFileReference; fileEncoding = 4; lastKnownFileType = sourcecode.cpp.objcpp; path = AAPLTransforms.mm; sourceTree = "<group>"; };
/* End PBXFileReference section */

/* Begin PBXFrameworksBuildPhase section */
		F280ABB029587113009CC3FB /* Frameworks */ = {
			isa = PBXFrameworksBuildPhase;
			buildActionMask = 2147483647;
			files = (
			);
			runOnlyForDeploymentPostprocessing = 0;
		};
		F280ABCB29587114009CC3FB /* Frameworks */ = {
			isa = PBXFrameworksBuildPhase;
			buildActionMask = 2147483647;
			files = (
			);
			runOnlyForDeploymentPostprocessing = 0;
		};
		F280ABD529587114009CC3FB /* Frameworks */ = {
			isa = PBXFrameworksBuildPhase;
			buildActionMask = 2147483647;
			files = (
			);
			runOnlyForDeploymentPostprocessing = 0;
		};
/* End PBXFrameworksBuildPhase section */

/* Begin PBXGroup section */
		F280ABAA29587113009CC3FB = {
			isa = PBXGroup;
			children = (
				F280ABB529587113009CC3FB /* metalObjcPlay */,
				F280ABD129587114009CC3FB /* metalObjcPlayTests */,
				F280ABDB29587114009CC3FB /* metalObjcPlayUITests */,
				F280ABB429587113009CC3FB /* Products */,
			);
			sourceTree = "<group>";
		};
		F280ABB429587113009CC3FB /* Products */ = {
			isa = PBXGroup;
			children = (
				F280ABB329587113009CC3FB /* metalObjcPlay.app */,
				F280ABCE29587114009CC3FB /* metalObjcPlayTests.xctest */,
				F280ABD829587114009CC3FB /* metalObjcPlayUITests.xctest */,
			);
			name = Products;
			sourceTree = "<group>";
		};
		F280ABB529587113009CC3FB /* metalObjcPlay */ = {
			isa = PBXGroup;
			children = (
				F280ABB629587113009CC3FB /* AppDelegate.h */,
				F280ABF02958A5A6009CC3FB /* AAPLShaderTypes.h */,
				F280ABB729587113009CC3FB /* AppDelegate.m */,
				F280ABF72958E2BC009CC3FB /* AAPLTransforms.h */,
				F280ABF82958E2BC009CC3FB /* AAPLTransforms.mm */,
				F280ABB929587113009CC3FB /* SceneDelegate.h */,
				F280ABBA29587113009CC3FB /* SceneDelegate.m */,
				F280ABBC29587113009CC3FB /* ViewController.h */,
				F280ABBD29587113009CC3FB /* ViewController.m */,
				F280ABBF29587113009CC3FB /* Main.storyboard */,
				F280ABC229587114009CC3FB /* Assets.xcassets */,
				F280ABC429587114009CC3FB /* LaunchScreen.storyboard */,
				F280ABC729587114009CC3FB /* Info.plist */,
				F280ABC829587114009CC3FB /* main.m */,
				F280ABEB295877AF009CC3FB /* Renderer.h */,
				F280ABEC295877AF009CC3FB /* Renderer.mm */,
				F280ABEE2958A501009CC3FB /* shaders.metal */,
				F280ABF12958C636009CC3FB /* textureExample.png */,
			);
			path = metalObjcPlay;
			sourceTree = "<group>";
		};
		F280ABD129587114009CC3FB /* metalObjcPlayTests */ = {
			isa = PBXGroup;
			children = (
				F280ABD229587114009CC3FB /* metalObjcPlayTests.m */,
			);
			path = metalObjcPlayTests;
			sourceTree = "<group>";
		};
		F280ABDB29587114009CC3FB /* metalObjcPlayUITests */ = {
			isa = PBXGroup;
			children = (
				F280ABDC29587114009CC3FB /* metalObjcPlayUITests.m */,
				F280ABDE29587114009CC3FB /* metalObjcPlayUITestsLaunchTests.m */,
			);
			path = metalObjcPlayUITests;
			sourceTree = "<group>";
		};
/* End PBXGroup section */

/* Begin PBXNativeTarget section */
		F280ABB229587113009CC3FB /* metalObjcPlay */ = {
			isa = PBXNativeTarget;
			buildConfigurationList = F280ABE229587114009CC3FB /* Build configuration list for PBXNativeTarget "metalObjcPlay" */;
			buildPhases = (
				F280ABAF29587113009CC3FB /* Sources */,
				F280ABB029587113009CC3FB /* Frameworks */,
				F280ABB129587113009CC3FB /* Resources */,
			);
			buildRules = (
			);
			dependencies = (
			);
			name = metalObjcPlay;
			productName = metalObjcPlay;
			productReference = F280ABB329587113009CC3FB /* metalObjcPlay.app */;
			productType = "com.apple.product-type.application";
		};
		F280ABCD29587114009CC3FB /* metalObjcPlayTests */ = {
			isa = PBXNativeTarget;
			buildConfigurationList = F280ABE529587114009CC3FB /* Build configuration list for PBXNativeTarget "metalObjcPlayTests" */;
			buildPhases = (
				F280ABCA29587114009CC3FB /* Sources */,
				F280ABCB29587114009CC3FB /* Frameworks */,
				F280ABCC29587114009CC3FB /* Resources */,
			);
			buildRules = (
			);
			dependencies = (
				F280ABD029587114009CC3FB /* PBXTargetDependency */,
			);
			name = metalObjcPlayTests;
			productName = metalObjcPlayTests;
			productReference = F280ABCE29587114009CC3FB /* metalObjcPlayTests.xctest */;
			productType = "com.apple.product-type.bundle.unit-test";
		};
		F280ABD729587114009CC3FB /* metalObjcPlayUITests */ = {
			isa = PBXNativeTarget;
			buildConfigurationList = F280ABE829587114009CC3FB /* Build configuration list for PBXNativeTarget "metalObjcPlayUITests" */;
			buildPhases = (
				F280ABD429587114009CC3FB /* Sources */,
				F280ABD529587114009CC3FB /* Frameworks */,
				F280ABD629587114009CC3FB /* Resources */,
			);
			buildRules = (
			);
			dependencies = (
				F280ABDA29587114009CC3FB /* PBXTargetDependency */,
			);
			name = metalObjcPlayUITests;
			productName = metalObjcPlayUITests;
			productReference = F280ABD829587114009CC3FB /* metalObjcPlayUITests.xctest */;
			productType = "com.apple.product-type.bundle.ui-testing";
		};
/* End PBXNativeTarget section */

/* Begin PBXProject section */
		F280ABAB29587113009CC3FB /* Project object */ = {
			isa = PBXProject;
			attributes = {
				BuildIndependentTargetsInParallel = 1;
				LastUpgradeCheck = 1410;
				TargetAttributes = {
					F280ABB229587113009CC3FB = {
						CreatedOnToolsVersion = 14.1;
					};
					F280ABCD29587114009CC3FB = {
						CreatedOnToolsVersion = 14.1;
						TestTargetID = F280ABB229587113009CC3FB;
					};
					F280ABD729587114009CC3FB = {
						CreatedOnToolsVersion = 14.1;
						TestTargetID = F280ABB229587113009CC3FB;
					};
				};
			};
			buildConfigurationList = F280ABAE29587113009CC3FB /* Build configuration list for PBXProject "metalObjcPlay" */;
			compatibilityVersion = "Xcode 14.0";
			developmentRegion = en;
			hasScannedForEncodings = 0;
			knownRegions = (
				en,
				Base,
			);
			mainGroup = F280ABAA29587113009CC3FB;
			productRefGroup = F280ABB429587113009CC3FB /* Products */;
			projectDirPath = "";
			projectRoot = "";
			targets = (
				F280ABB229587113009CC3FB /* metalObjcPlay */,
				F280ABCD29587114009CC3FB /* metalObjcPlayTests */,
				F280ABD729587114009CC3FB /* metalObjcPlayUITests */,
			);
		};
/* End PBXProject section */

/* Begin PBXResourcesBuildPhase section */
		F280ABB129587113009CC3FB /* Resources */ = {
			isa = PBXResourcesBuildPhase;
			buildActionMask = 2147483647;
			files = (
				F280ABF22958C636009CC3FB /* textureExample.png in Resources */,
				F280ABC629587114009CC3FB /* LaunchScreen.storyboard in Resources */,
				F280ABC329587114009CC3FB /* Assets.xcassets in Resources */,
				F280ABC129587113009CC3FB /* Main.storyboard in Resources */,
			);
			runOnlyForDeploymentPostprocessing = 0;
		};
		F280ABCC29587114009CC3FB /* Resources */ = {
			isa = PBXResourcesBuildPhase;
			buildActionMask = 2147483647;
			files = (
			);
			runOnlyForDeploymentPostprocessing = 0;
		};
		F280ABD629587114009CC3FB /* Resources */ = {
			isa = PBXResourcesBuildPhase;
			buildActionMask = 2147483647;
			files = (
			);
			runOnlyForDeploymentPostprocessing = 0;
		};
/* End PBXResourcesBuildPhase section */

/* Begin PBXSourcesBuildPhase section */
		F280ABAF29587113009CC3FB /* Sources */ = {
			isa = PBXSourcesBuildPhase;
			buildActionMask = 2147483647;
			files = (
				F280ABBE29587113009CC3FB /* ViewController.m in Sources */,
				F280ABB829587113009CC3FB /* AppDelegate.m in Sources */,
				F280ABF92958E2BC009CC3FB /* AAPLTransforms.mm in Sources */,
				F280ABEF2958A501009CC3FB /* shaders.metal in Sources */,
				F280ABC929587114009CC3FB /* main.m in Sources */,
				F280ABED295877AF009CC3FB /* Renderer.mm in Sources */,
				F280ABBB29587113009CC3FB /* SceneDelegate.m in Sources */,
			);
			runOnlyForDeploymentPostprocessing = 0;
		};
		F280ABCA29587114009CC3FB /* Sources */ = {
			isa = PBXSourcesBuildPhase;
			buildActionMask = 2147483647;
			files = (
				F280ABD329587114009CC3FB /* metalObjcPlayTests.m in Sources */,
			);
			runOnlyForDeploymentPostprocessing = 0;
		};
		F280ABD429587114009CC3FB /* Sources */ = {
			isa = PBXSourcesBuildPhase;
			buildActionMask = 2147483647;
			files = (
				F280ABDF29587114009CC3FB /* metalObjcPlayUITestsLaunchTests.m in Sources */,
				F280ABDD29587114009CC3FB /* metalObjcPlayUITests.m in Sources */,
			);
			runOnlyForDeploymentPostprocessing = 0;
		};
/* End PBXSourcesBuildPhase section */

/* Begin PBXTargetDependency section */
		F280ABD029587114009CC3FB /* PBXTargetDependency */ = {
			isa = PBXTargetDependency;
			target = F280ABB229587113009CC3FB /* metalObjcPlay */;
			targetProxy = F280ABCF29587114009CC3FB /* PBXContainerItemProxy */;
		};
		F280ABDA29587114009CC3FB /* PBXTargetDependency */ = {
			isa = PBXTargetDependency;
			target = F280ABB229587113009CC3FB /* metalObjcPlay */;
			targetProxy = F280ABD929587114009CC3FB /* PBXContainerItemProxy */;
		};
/* End PBXTargetDependency section */

/* Begin PBXVariantGroup section */
		F280ABBF29587113009CC3FB /* Main.storyboard */ = {
			isa = PBXVariantGroup;
			children = (
				F280ABC029587113009CC3FB /* Base */,
			);
			name = Main.storyboard;
			sourceTree = "<group>";
		};
		F280ABC429587114009CC3FB /* LaunchScreen.storyboard */ = {
			isa = PBXVariantGroup;
			children = (
				F280ABC529587114009CC3FB /* Base */,
			);
			name = LaunchScreen.storyboard;
			sourceTree = "<group>";
		};
/* End PBXVariantGroup section */

/* Begin XCBuildConfiguration section */
		F280ABE029587114009CC3FB /* Debug */ = {
			isa = XCBuildConfiguration;
			buildSettings = {
				ALWAYS_SEARCH_USER_PATHS = NO;
				CLANG_ANALYZER_NONNULL = YES;
				CLANG_ANALYZER_NUMBER_OBJECT_CONVERSION = YES_AGGRESSIVE;
				CLANG_CXX_LANGUAGE_STANDARD = "gnu++20";
				CLANG_ENABLE_MODULES = YES;
				CLANG_ENABLE_OBJC_ARC = YES;
				CLANG_ENABLE_OBJC_WEAK = YES;
				CLANG_WARN_BLOCK_CAPTURE_AUTORELEASING = YES;
				CLANG_WARN_BOOL_CONVERSION = YES;
				CLANG_WARN_COMMA = YES;
				CLANG_WARN_CONSTANT_CONVERSION = YES;
				CLANG_WARN_DEPRECATED_OBJC_IMPLEMENTATIONS = YES;
				CLANG_WARN_DIRECT_OBJC_ISA_USAGE = YES_ERROR;
				CLANG_WARN_DOCUMENTATION_COMMENTS = YES;
				CLANG_WARN_EMPTY_BODY = YES;
				CLANG_WARN_ENUM_CONVERSION = YES;
				CLANG_WARN_INFINITE_RECURSION = YES;
				CLANG_WARN_INT_CONVERSION = YES;
				CLANG_WARN_NON_LITERAL_NULL_CONVERSION = YES;
				CLANG_WARN_OBJC_IMPLICIT_RETAIN_SELF = YES;
				CLANG_WARN_OBJC_LITERAL_CONVERSION = YES;
				CLANG_WARN_OBJC_ROOT_CLASS = YES_ERROR;
				CLANG_WARN_QUOTED_INCLUDE_IN_FRAMEWORK_HEADER = YES;
				CLANG_WARN_RANGE_LOOP_ANALYSIS = YES;
				CLANG_WARN_STRICT_PROTOTYPES = YES;
				CLANG_WARN_SUSPICIOUS_MOVE = YES;
				CLANG_WARN_UNGUARDED_AVAILABILITY = YES_AGGRESSIVE;
				CLANG_WARN_UNREACHABLE_CODE = YES;
				CLANG_WARN__DUPLICATE_METHOD_MATCH = YES;
				COPY_PHASE_STRIP = NO;
				DEBUG_INFORMATION_FORMAT = dwarf;
				ENABLE_STRICT_OBJC_MSGSEND = YES;
				ENABLE_TESTABILITY = YES;
				GCC_C_LANGUAGE_STANDARD = gnu11;
				GCC_DYNAMIC_NO_PIC = NO;
				GCC_NO_COMMON_BLOCKS = YES;
				GCC_OPTIMIZATION_LEVEL = 0;
				GCC_PREPROCESSOR_DEFINITIONS = (
					"DEBUG=1",
					"$(inherited)",
				);
				GCC_WARN_64_TO_32_BIT_CONVERSION = YES;
				GCC_WARN_ABOUT_RETURN_TYPE = YES_ERROR;
				GCC_WARN_UNDECLARED_SELECTOR = YES;
				GCC_WARN_UNINITIALIZED_AUTOS = YES_AGGRESSIVE;
				GCC_WARN_UNUSED_FUNCTION = YES;
				GCC_WARN_UNUSED_VARIABLE = YES;
				IPHONEOS_DEPLOYMENT_TARGET = 16.1;
				MTL_ENABLE_DEBUG_INFO = INCLUDE_SOURCE;
				MTL_FAST_MATH = YES;
				ONLY_ACTIVE_ARCH = YES;
				SDKROOT = iphoneos;
			};
			name = Debug;
		};
		F280ABE129587114009CC3FB /* Release */ = {
			isa = XCBuildConfiguration;
			buildSettings = {
				ALWAYS_SEARCH_USER_PATHS = NO;
				CLANG_ANALYZER_NONNULL = YES;
				CLANG_ANALYZER_NUMBER_OBJECT_CONVERSION = YES_AGGRESSIVE;
				CLANG_CXX_LANGUAGE_STANDARD = "gnu++20";
				CLANG_ENABLE_MODULES = YES;
				CLANG_ENABLE_OBJC_ARC = YES;
				CLANG_ENABLE_OBJC_WEAK = YES;
				CLANG_WARN_BLOCK_CAPTURE_AUTORELEASING = YES;
				CLANG_WARN_BOOL_CONVERSION = YES;
				CLANG_WARN_COMMA = YES;
				CLANG_WARN_CONSTANT_CONVERSION = YES;
				CLANG_WARN_DEPRECATED_OBJC_IMPLEMENTATIONS = YES;
				CLANG_WARN_DIRECT_OBJC_ISA_USAGE = YES_ERROR;
				CLANG_WARN_DOCUMENTATION_COMMENTS = YES;
				CLANG_WARN_EMPTY_BODY = YES;
				CLANG_WARN_ENUM_CONVERSION = YES;
				CLANG_WARN_INFINITE_RECURSION = YES;
				CLANG_WARN_INT_CONVERSION = YES;
				CLANG_WARN_NON_LITERAL_NULL_CONVERSION = YES;
				CLANG_WARN_OBJC_IMPLICIT_RETAIN_SELF = YES;
				CLANG_WARN_OBJC_LITERAL_CONVERSION = YES;
				CLANG_WARN_OBJC_ROOT_CLASS = YES_ERROR;
				CLANG_WARN_QUOTED_INCLUDE_IN_FRAMEWORK_HEADER = YES;
				CLANG_WARN_RANGE_LOOP_ANALYSIS = YES;
				CLANG_WARN_STRICT_PROTOTYPES = YES;
				CLANG_WARN_SUSPICIOUS_MOVE = YES;
				CLANG_WARN_UNGUARDED_AVAILABILITY = YES_AGGRESSIVE;
				CLANG_WARN_UNREACHABLE_CODE = YES;
				CLANG_WARN__DUPLICATE_METHOD_MATCH = YES;
				COPY_PHASE_STRIP = NO;
				DEBUG_INFORMATION_FORMAT = "dwarf-with-dsym";
				ENABLE_NS_ASSERTIONS = NO;
				ENABLE_STRICT_OBJC_MSGSEND = YES;
				GCC_C_LANGUAGE_STANDARD = gnu11;
				GCC_NO_COMMON_BLOCKS = YES;
				GCC_WARN_64_TO_32_BIT_CONVERSION = YES;
				GCC_WARN_ABOUT_RETURN_TYPE = YES_ERROR;
				GCC_WARN_UNDECLARED_SELECTOR = YES;
				GCC_WARN_UNINITIALIZED_AUTOS = YES_AGGRESSIVE;
				GCC_WARN_UNUSED_FUNCTION = YES;
				GCC_WARN_UNUSED_VARIABLE = YES;
				IPHONEOS_DEPLOYMENT_TARGET = 16.1;
				MTL_ENABLE_DEBUG_INFO = NO;
				MTL_FAST_MATH = YES;
				SDKROOT = iphoneos;
				VALIDATE_PRODUCT = YES;
			};
			name = Release;
		};
		F280ABE329587114009CC3FB /* Debug */ = {
			isa = XCBuildConfiguration;
			buildSettings = {
				ASSETCATALOG_COMPILER_APPICON_NAME = AppIcon;
				ASSETCATALOG_COMPILER_GLOBAL_ACCENT_COLOR_NAME = AccentColor;
				CODE_SIGN_STYLE = Automatic;
				CURRENT_PROJECT_VERSION = 1;
				DEVELOPMENT_TEAM = 8W5L6MLTDU;
				GENERATE_INFOPLIST_FILE = YES;
				INFOPLIST_FILE = metalObjcPlay/Info.plist;
				INFOPLIST_KEY_UIApplicationSupportsIndirectInputEvents = YES;
				INFOPLIST_KEY_UILaunchStoryboardName = LaunchScreen;
				INFOPLIST_KEY_UIMainStoryboardFile = Main;
				INFOPLIST_KEY_UISupportedInterfaceOrientations_iPad = "UIInterfaceOrientationPortrait UIInterfaceOrientationPortraitUpsideDown UIInterfaceOrientationLandscapeLeft UIInterfaceOrientationLandscapeRight";
				INFOPLIST_KEY_UISupportedInterfaceOrientations_iPhone = "UIInterfaceOrientationPortrait UIInterfaceOrientationLandscapeLeft UIInterfaceOrientationLandscapeRight";
				LD_RUNPATH_SEARCH_PATHS = (
					"$(inherited)",
					"@executable_path/Frameworks",
				);
				MARKETING_VERSION = 1.0;
				PRODUCT_BUNDLE_IDENTIFIER = deux.metalObjcPlayx;
				PRODUCT_NAME = "$(TARGET_NAME)";
				SWIFT_EMIT_LOC_STRINGS = YES;
				TARGETED_DEVICE_FAMILY = "1,2";
			};
			name = Debug;
		};
		F280ABE429587114009CC3FB /* Release */ = {
			isa = XCBuildConfiguration;
			buildSettings = {
				ASSETCATALOG_COMPILER_APPICON_NAME = AppIcon;
				ASSETCATALOG_COMPILER_GLOBAL_ACCENT_COLOR_NAME = AccentColor;
				CODE_SIGN_STYLE = Automatic;
				CURRENT_PROJECT_VERSION = 1;
				DEVELOPMENT_TEAM = 8W5L6MLTDU;
				GENERATE_INFOPLIST_FILE = YES;
				INFOPLIST_FILE = metalObjcPlay/Info.plist;
				INFOPLIST_KEY_UIApplicationSupportsIndirectInputEvents = YES;
				INFOPLIST_KEY_UILaunchStoryboardName = LaunchScreen;
				INFOPLIST_KEY_UIMainStoryboardFile = Main;
				INFOPLIST_KEY_UISupportedInterfaceOrientations_iPad = "UIInterfaceOrientationPortrait UIInterfaceOrientationPortraitUpsideDown UIInterfaceOrientationLandscapeLeft UIInterfaceOrientationLandscapeRight";
				INFOPLIST_KEY_UISupportedInterfaceOrientations_iPhone = "UIInterfaceOrientationPortrait UIInterfaceOrientationLandscapeLeft UIInterfaceOrientationLandscapeRight";
				LD_RUNPATH_SEARCH_PATHS = (
					"$(inherited)",
					"@executable_path/Frameworks",
				);
				MARKETING_VERSION = 1.0;
				PRODUCT_BUNDLE_IDENTIFIER = deux.metalObjcPlayx;
				PRODUCT_NAME = "$(TARGET_NAME)";
				SWIFT_EMIT_LOC_STRINGS = YES;
				TARGETED_DEVICE_FAMILY = "1,2";
			};
			name = Release;
		};
		F280ABE629587114009CC3FB /* Debug */ = {
			isa = XCBuildConfiguration;
			buildSettings = {
				BUNDLE_LOADER = "$(TEST_HOST)";
				CODE_SIGN_STYLE = Automatic;
				CURRENT_PROJECT_VERSION = 1;
				DEVELOPMENT_TEAM = 8W5L6MLTDU;
				GENERATE_INFOPLIST_FILE = YES;
				IPHONEOS_DEPLOYMENT_TARGET = 16.1;
				MARKETING_VERSION = 1.0;
				PRODUCT_BUNDLE_IDENTIFIER = deux.metalObjcPlayTests;
				PRODUCT_NAME = "$(TARGET_NAME)";
				SWIFT_EMIT_LOC_STRINGS = NO;
				TARGETED_DEVICE_FAMILY = "1,2";
				TEST_HOST = "$(BUILT_PRODUCTS_DIR)/metalObjcPlay.app/$(BUNDLE_EXECUTABLE_FOLDER_PATH)/metalObjcPlay";
			};
			name = Debug;
		};
		F280ABE729587114009CC3FB /* Release */ = {
			isa = XCBuildConfiguration;
			buildSettings = {
				BUNDLE_LOADER = "$(TEST_HOST)";
				CODE_SIGN_STYLE = Automatic;
				CURRENT_PROJECT_VERSION = 1;
				DEVELOPMENT_TEAM = 8W5L6MLTDU;
				GENERATE_INFOPLIST_FILE = YES;
				IPHONEOS_DEPLOYMENT_TARGET = 16.1;
				MARKETING_VERSION = 1.0;
				PRODUCT_BUNDLE_IDENTIFIER = deux.metalObjcPlayTests;
				PRODUCT_NAME = "$(TARGET_NAME)";
				SWIFT_EMIT_LOC_STRINGS = NO;
				TARGETED_DEVICE_FAMILY = "1,2";
				TEST_HOST = "$(BUILT_PRODUCTS_DIR)/metalObjcPlay.app/$(BUNDLE_EXECUTABLE_FOLDER_PATH)/metalObjcPlay";
			};
			name = Release;
		};
		F280ABE929587114009CC3FB /* Debug */ = {
			isa = XCBuildConfiguration;
			buildSettings = {
				CODE_SIGN_STYLE = Automatic;
				CURRENT_PROJECT_VERSION = 1;
				DEVELOPMENT_TEAM = 8W5L6MLTDU;
				GENERATE_INFOPLIST_FILE = YES;
				MARKETING_VERSION = 1.0;
				PRODUCT_BUNDLE_IDENTIFIER = deux.metalObjcPlayUITests;
				PRODUCT_NAME = "$(TARGET_NAME)";
				SWIFT_EMIT_LOC_STRINGS = NO;
				TARGETED_DEVICE_FAMILY = "1,2";
				TEST_TARGET_NAME = metalObjcPlay;
			};
			name = Debug;
		};
		F280ABEA29587114009CC3FB /* Release */ = {
			isa = XCBuildConfiguration;
			buildSettings = {
				CODE_SIGN_STYLE = Automatic;
				CURRENT_PROJECT_VERSION = 1;
				DEVELOPMENT_TEAM = 8W5L6MLTDU;
				GENERATE_INFOPLIST_FILE = YES;
				MARKETING_VERSION = 1.0;
				PRODUCT_BUNDLE_IDENTIFIER = deux.metalObjcPlayUITests;
				PRODUCT_NAME = "$(TARGET_NAME)";
				SWIFT_EMIT_LOC_STRINGS = NO;
				TARGETED_DEVICE_FAMILY = "1,2";
				TEST_TARGET_NAME = metalObjcPlay;
			};
			name = Release;
		};
/* End XCBuildConfiguration section */

/* Begin XCConfigurationList section */
		F280ABAE29587113009CC3FB /* Build configuration list for PBXProject "metalObjcPlay" */ = {
			isa = XCConfigurationList;
			buildConfigurations = (
				F280ABE029587114009CC3FB /* Debug */,
				F280ABE129587114009CC3FB /* Release */,
			);
			defaultConfigurationIsVisible = 0;
			defaultConfigurationName = Release;
		};
		F280ABE229587114009CC3FB /* Build configuration list for PBXNativeTarget "metalObjcPlay" */ = {
			isa = XCConfigurationList;
			buildConfigurations = (
				F280ABE329587114009CC3FB /* Debug */,
				F280ABE429587114009CC3FB /* Release */,
			);
			defaultConfigurationIsVisible = 0;
			defaultConfigurationName = Release;
		};
		F280ABE529587114009CC3FB /* Build configuration list for PBXNativeTarget "metalObjcPlayTests" */ = {
			isa = XCConfigurationList;
			buildConfigurations = (
				F280ABE629587114009CC3FB /* Debug */,
				F280ABE729587114009CC3FB /* Release */,
			);
			defaultConfigurationIsVisible = 0;
			defaultConfigurationName = Release;
		};
		F280ABE829587114009CC3FB /* Build configuration list for PBXNativeTarget "metalObjcPlayUITests" */ = {
			isa = XCConfigurationList;
			buildConfigurations = (
				F280ABE929587114009CC3FB /* Debug */,
				F280ABEA29587114009CC3FB /* Release */,
			);
			defaultConfigurationIsVisible = 0;
			defaultConfigurationName = Release;
		};
/* End XCConfigurationList section */
	};
	rootObject = F280ABAB29587113009CC3FB /* Project object */;
}
